// !$*UTF8*$!
{
	archiveVersion = 1;
	classes = {
	};
	objectVersion = 46;
	objects = {

/* Begin PBXBuildFile section */
		4130495D19CA0E5F00394562 /* Foundation.framework in Frameworks */ = {isa = PBXBuildFile; fileRef = 4130495C19CA0E5F00394562 /* Foundation.framework */; };
		4130495F19CA0E5F00394562 /* CoreGraphics.framework in Frameworks */ = {isa = PBXBuildFile; fileRef = 4130495E19CA0E5F00394562 /* CoreGraphics.framework */; };
		4130496119CA0E5F00394562 /* UIKit.framework in Frameworks */ = {isa = PBXBuildFile; fileRef = 4130496019CA0E5F00394562 /* UIKit.framework */; };
		4130496719CA0E5F00394562 /* InfoPlist.strings in Resources */ = {isa = PBXBuildFile; fileRef = 4130496519CA0E5F00394562 /* InfoPlist.strings */; };
		4130496919CA0E5F00394562 /* main.m in Sources */ = {isa = PBXBuildFile; fileRef = 4130496819CA0E5F00394562 /* main.m */; };
		4130496D19CA0E5F00394562 /* GAppDelegate.m in Sources */ = {isa = PBXBuildFile; fileRef = 4130496C19CA0E5F00394562 /* GAppDelegate.m */; };
		4130497019CA0E5F00394562 /* Main.storyboard in Resources */ = {isa = PBXBuildFile; fileRef = 4130496E19CA0E5F00394562 /* Main.storyboard */; };
		4130497319CA0E5F00394562 /* GViewController.m in Sources */ = {isa = PBXBuildFile; fileRef = 4130497219CA0E5F00394562 /* GViewController.m */; };
		4130497519CA0E5F00394562 /* Images.xcassets in Resources */ = {isa = PBXBuildFile; fileRef = 4130497419CA0E5F00394562 /* Images.xcassets */; };
		4130497C19CA0E5F00394562 /* XCTest.framework in Frameworks */ = {isa = PBXBuildFile; fileRef = 4130497B19CA0E5F00394562 /* XCTest.framework */; };
		4130497D19CA0E5F00394562 /* Foundation.framework in Frameworks */ = {isa = PBXBuildFile; fileRef = 4130495C19CA0E5F00394562 /* Foundation.framework */; };
		4130497E19CA0E5F00394562 /* UIKit.framework in Frameworks */ = {isa = PBXBuildFile; fileRef = 4130496019CA0E5F00394562 /* UIKit.framework */; };
		4130498619CA0E5F00394562 /* InfoPlist.strings in Resources */ = {isa = PBXBuildFile; fileRef = 4130498419CA0E5F00394562 /* InfoPlist.strings */; };
		4130498819CA0E5F00394562 /* Git_TestTests.m in Sources */ = {isa = PBXBuildFile; fileRef = 4130498719CA0E5F00394562 /* Git_TestTests.m */; };
/* End PBXBuildFile section */

/* Begin PBXContainerItemProxy section */
		4130497F19CA0E5F00394562 /* PBXContainerItemProxy */ = {
			isa = PBXContainerItemProxy;
			containerPortal = 4130495119CA0E5F00394562 /* Project object */;
			proxyType = 1;
			remoteGlobalIDString = 4130495819CA0E5F00394562;
			remoteInfo = "Git Test";
		};
/* End PBXContainerItemProxy section */

/* Begin PBXFileReference section */
		4130495919CA0E5F00394562 /* Git Test.app */ = {isa = PBXFileReference; explicitFileType = wrapper.application; includeInIndex = 0; path = "Git Test.app"; sourceTree = BUILT_PRODUCTS_DIR; };
		4130495C19CA0E5F00394562 /* Foundation.framework */ = {isa = PBXFileReference; lastKnownFileType = wrapper.framework; name = Foundation.framework; path = System/Library/Frameworks/Foundation.framework; sourceTree = SDKROOT; };
		4130495E19CA0E5F00394562 /* CoreGraphics.framework */ = {isa = PBXFileReference; lastKnownFileType = wrapper.framework; name = CoreGraphics.framework; path = System/Library/Frameworks/CoreGraphics.framework; sourceTree = SDKROOT; };
		4130496019CA0E5F00394562 /* UIKit.framework */ = {isa = PBXFileReference; lastKnownFileType = wrapper.framework; name = UIKit.framework; path = System/Library/Frameworks/UIKit.framework; sourceTree = SDKROOT; };
		4130496419CA0E5F00394562 /* Git Test-Info.plist */ = {isa = PBXFileReference; lastKnownFileType = text.plist.xml; path = "Git Test-Info.plist"; sourceTree = "<group>"; };
		4130496619CA0E5F00394562 /* en */ = {isa = PBXFileReference; lastKnownFileType = text.plist.strings; name = en; path = en.lproj/InfoPlist.strings; sourceTree = "<group>"; };
		4130496819CA0E5F00394562 /* main.m */ = {isa = PBXFileReference; lastKnownFileType = sourcecode.c.objc; path = main.m; sourceTree = "<group>"; };
		4130496A19CA0E5F00394562 /* Git Test-Prefix.pch */ = {isa = PBXFileReference; lastKnownFileType = sourcecode.c.h; path = "Git Test-Prefix.pch"; sourceTree = "<group>"; };
		4130496B19CA0E5F00394562 /* GAppDelegate.h */ = {isa = PBXFileReference; lastKnownFileType = sourcecode.c.h; path = GAppDelegate.h; sourceTree = "<group>"; };
		4130496C19CA0E5F00394562 /* GAppDelegate.m */ = {isa = PBXFileReference; lastKnownFileType = sourcecode.c.objc; path = GAppDelegate.m; sourceTree = "<group>"; };
		4130496F19CA0E5F00394562 /* Base */ = {isa = PBXFileReference; lastKnownFileType = file.storyboard; name = Base; path = Base.lproj/Main.storyboard; sourceTree = "<group>"; };
		4130497119CA0E5F00394562 /* GViewController.h */ = {isa = PBXFileReference; lastKnownFileType = sourcecode.c.h; path = GViewController.h; sourceTree = "<group>"; };
		4130497219CA0E5F00394562 /* GViewController.m */ = {isa = PBXFileReference; lastKnownFileType = sourcecode.c.objc; path = GViewController.m; sourceTree = "<group>"; };
		4130497419CA0E5F00394562 /* Images.xcassets */ = {isa = PBXFileReference; lastKnownFileType = folder.assetcatalog; path = Images.xcassets; sourceTree = "<group>"; };
		4130497A19CA0E5F00394562 /* Git TestTests.xctest */ = {isa = PBXFileReference; explicitFileType = wrapper.cfbundle; includeInIndex = 0; path = "Git TestTests.xctest"; sourceTree = BUILT_PRODUCTS_DIR; };
		4130497B19CA0E5F00394562 /* XCTest.framework */ = {isa = PBXFileReference; lastKnownFileType = wrapper.framework; name = XCTest.framework; path = Library/Frameworks/XCTest.framework; sourceTree = DEVELOPER_DIR; };
		4130498319CA0E5F00394562 /* Git TestTests-Info.plist */ = {isa = PBXFileReference; lastKnownFileType = text.plist.xml; path = "Git TestTests-Info.plist"; sourceTree = "<group>"; };
		4130498519CA0E5F00394562 /* en */ = {isa = PBXFileReference; lastKnownFileType = text.plist.strings; name = en; path = en.lproj/InfoPlist.strings; sourceTree = "<group>"; };
		4130498719CA0E5F00394562 /* Git_TestTests.m */ = {isa = PBXFileReference; lastKnownFileType = sourcecode.c.objc; path = Git_TestTests.m; sourceTree = "<group>"; };
/* End PBXFileReference section */

/* Begin PBXFrameworksBuildPhase section */
		4130495619CA0E5F00394562 /* Frameworks */ = {
			isa = PBXFrameworksBuildPhase;
			buildActionMask = 2147483647;
			files = (
				4130495F19CA0E5F00394562 /* CoreGraphics.framework in Frameworks */,
				4130496119CA0E5F00394562 /* UIKit.framework in Frameworks */,
				4130495D19CA0E5F00394562 /* Foundation.framework in Frameworks */,
			);
			runOnlyForDeploymentPostprocessing = 0;
		};
		4130497719CA0E5F00394562 /* Frameworks */ = {
			isa = PBXFrameworksBuildPhase;
			buildActionMask = 2147483647;
			files = (
				4130497C19CA0E5F00394562 /* XCTest.framework in Frameworks */,
				4130497E19CA0E5F00394562 /* UIKit.framework in Frameworks */,
				4130497D19CA0E5F00394562 /* Foundation.framework in Frameworks */,
			);
			runOnlyForDeploymentPostprocessing = 0;
		};
/* End PBXFrameworksBuildPhase section */

/* Begin PBXGroup section */
		4130495019CA0E5F00394562 = {
			isa = PBXGroup;
			children = (
				4130496219CA0E5F00394562 /* Git Test */,
				4130498119CA0E5F00394562 /* Git TestTests */,
				4130495B19CA0E5F00394562 /* Frameworks */,
				4130495A19CA0E5F00394562 /* Products */,
			);
			sourceTree = "<group>";
		};
		4130495A19CA0E5F00394562 /* Products */ = {
			isa = PBXGroup;
			children = (
				4130495919CA0E5F00394562 /* Git Test.app */,
				4130497A19CA0E5F00394562 /* Git TestTests.xctest */,
			);
			name = Products;
			sourceTree = "<group>";
		};
		4130495B19CA0E5F00394562 /* Frameworks */ = {
			isa = PBXGroup;
			children = (
				4130495C19CA0E5F00394562 /* Foundation.framework */,
				4130495E19CA0E5F00394562 /* CoreGraphics.framework */,
				4130496019CA0E5F00394562 /* UIKit.framework */,
				4130497B19CA0E5F00394562 /* XCTest.framework */,
			);
			name = Frameworks;
			sourceTree = "<group>";
		};
		4130496219CA0E5F00394562 /* Git Test */ = {
			isa = PBXGroup;
			children = (
				4130496B19CA0E5F00394562 /* GAppDelegate.h */,
				4130496C19CA0E5F00394562 /* GAppDelegate.m */,
				4130496E19CA0E5F00394562 /* Main.storyboard */,
				4130497119CA0E5F00394562 /* GViewController.h */,
				4130497219CA0E5F00394562 /* GViewController.m */,
				4130497419CA0E5F00394562 /* Images.xcassets */,
				4130496319CA0E5F00394562 /* Supporting Files */,
			);
			path = "Git Test";
			sourceTree = "<group>";
		};
		4130496319CA0E5F00394562 /* Supporting Files */ = {
			isa = PBXGroup;
			children = (
				4130496419CA0E5F00394562 /* Git Test-Info.plist */,
				4130496519CA0E5F00394562 /* InfoPlist.strings */,
				4130496819CA0E5F00394562 /* main.m */,
				4130496A19CA0E5F00394562 /* Git Test-Prefix.pch */,
			);
			name = "Supporting Files";
			sourceTree = "<group>";
		};
		4130498119CA0E5F00394562 /* Git TestTests */ = {
			isa = PBXGroup;
			children = (
				4130498719CA0E5F00394562 /* Git_TestTests.m */,
				4130498219CA0E5F00394562 /* Supporting Files */,
			);
			path = "Git TestTests";
			sourceTree = "<group>";
		};
		4130498219CA0E5F00394562 /* Supporting Files */ = {
			isa = PBXGroup;
			children = (
				4130498319CA0E5F00394562 /* Git TestTests-Info.plist */,
				4130498419CA0E5F00394562 /* InfoPlist.strings */,
			);
			name = "Supporting Files";
			sourceTree = "<group>";
		};
/* End PBXGroup section */

/* Begin PBXNativeTarget section */
		4130495819CA0E5F00394562 /* Git Test */ = {
			isa = PBXNativeTarget;
			buildConfigurationList = 4130498B19CA0E5F00394562 /* Build configuration list for PBXNativeTarget "Git Test" */;
			buildPhases = (
				4130495519CA0E5F00394562 /* Sources */,
				4130495619CA0E5F00394562 /* Frameworks */,
				4130495719CA0E5F00394562 /* Resources */,
			);
			buildRules = (
			);
			dependencies = (
			);
			name = "Git Test";
			productName = "Git Test";
			productReference = 4130495919CA0E5F00394562 /* Git Test.app */;
			productType = "com.apple.product-type.application";
		};
		4130497919CA0E5F00394562 /* Git TestTests */ = {
			isa = PBXNativeTarget;
			buildConfigurationList = 4130498E19CA0E5F00394562 /* Build configuration list for PBXNativeTarget "Git TestTests" */;
			buildPhases = (
				4130497619CA0E5F00394562 /* Sources */,
				4130497719CA0E5F00394562 /* Frameworks */,
				4130497819CA0E5F00394562 /* Resources */,
			);
			buildRules = (
			);
			dependencies = (
				4130498019CA0E5F00394562 /* PBXTargetDependency */,
			);
			name = "Git TestTests";
			productName = "Git TestTests";
			productReference = 4130497A19CA0E5F00394562 /* Git TestTests.xctest */;
			productType = "com.apple.product-type.bundle.unit-test";
		};
/* End PBXNativeTarget section */

/* Begin PBXProject section */
		4130495119CA0E5F00394562 /* Project object */ = {
			isa = PBXProject;
			attributes = {
				CLASSPREFIX = G;
				LastUpgradeCheck = 0510;
				ORGANIZATIONNAME = Gameloft;
				TargetAttributes = {
					4130497919CA0E5F00394562 = {
						TestTargetID = 4130495819CA0E5F00394562;
					};
				};
			};
			buildConfigurationList = 4130495419CA0E5F00394562 /* Build configuration list for PBXProject "Git Test" */;
			compatibilityVersion = "Xcode 3.2";
			developmentRegion = English;
			hasScannedForEncodings = 0;
			knownRegions = (
				en,
				Base,
			);
			mainGroup = 4130495019CA0E5F00394562;
			productRefGroup = 4130495A19CA0E5F00394562 /* Products */;
			projectDirPath = "";
			projectRoot = "";
			targets = (
				4130495819CA0E5F00394562 /* Git Test */,
				4130497919CA0E5F00394562 /* Git TestTests */,
			);
		};
/* End PBXProject section */

/* Begin PBXResourcesBuildPhase section */
		4130495719CA0E5F00394562 /* Resources */ = {
			isa = PBXResourcesBuildPhase;
			buildActionMask = 2147483647;
			files = (
				4130497519CA0E5F00394562 /* Images.xcassets in Resources */,
				4130496719CA0E5F00394562 /* InfoPlist.strings in Resources */,
				4130497019CA0E5F00394562 /* Main.storyboard in Resources */,
			);
			runOnlyForDeploymentPostprocessing = 0;
		};
		4130497819CA0E5F00394562 /* Resources */ = {
			isa = PBXResourcesBuildPhase;
			buildActionMask = 2147483647;
			files = (
				4130498619CA0E5F00394562 /* InfoPlist.strings in Resources */,
			);
			runOnlyForDeploymentPostprocessing = 0;
		};
/* End PBXResourcesBuildPhase section */

/* Begin PBXSourcesBuildPhase section */
		4130495519CA0E5F00394562 /* Sources */ = {
			isa = PBXSourcesBuildPhase;
			buildActionMask = 2147483647;
			files = (
				4130496D19CA0E5F00394562 /* GAppDelegate.m in Sources */,
				4130496919CA0E5F00394562 /* main.m in Sources */,
				4130497319CA0E5F00394562 /* GViewController.m in Sources */,
			);
			runOnlyForDeploymentPostprocessing = 0;
		};
		4130497619CA0E5F00394562 /* Sources */ = {
			isa = PBXSourcesBuildPhase;
			buildActionMask = 2147483647;
			files = (
				4130498819CA0E5F00394562 /* Git_TestTests.m in Sources */,
			);
			runOnlyForDeploymentPostprocessing = 0;
		};
/* End PBXSourcesBuildPhase section */

/* Begin PBXTargetDependency section */
		4130498019CA0E5F00394562 /* PBXTargetDependency */ = {
			isa = PBXTargetDependency;
			target = 4130495819CA0E5F00394562 /* Git Test */;
			targetProxy = 4130497F19CA0E5F00394562 /* PBXContainerItemProxy */;
		};
/* End PBXTargetDependency section */

/* Begin PBXVariantGroup section */
		4130496519CA0E5F00394562 /* InfoPlist.strings */ = {
			isa = PBXVariantGroup;
			children = (
				4130496619CA0E5F00394562 /* en */,
			);
			name = InfoPlist.strings;
			sourceTree = "<group>";
		};
		4130496E19CA0E5F00394562 /* Main.storyboard */ = {
			isa = PBXVariantGroup;
			children = (
				4130496F19CA0E5F00394562 /* Base */,
			);
			name = Main.storyboard;
			sourceTree = "<group>";
		};
		4130498419CA0E5F00394562 /* InfoPlist.strings */ = {
			isa = PBXVariantGroup;
			children = (
				4130498519CA0E5F00394562 /* en */,
			);
			name = InfoPlist.strings;
			sourceTree = "<group>";
		};
/* End PBXVariantGroup section */

/* Begin XCBuildConfiguration section */
		4130498919CA0E5F00394562 /* Debug */ = {
			isa = XCBuildConfiguration;
			buildSettings = {
				ALWAYS_SEARCH_USER_PATHS = NO;
				CLANG_CXX_LANGUAGE_STANDARD = "gnu++0x";
				CLANG_CXX_LIBRARY = "libc++";
				CLANG_ENABLE_MODULES = YES;
				CLANG_ENABLE_OBJC_ARC = YES;
				CLANG_WARN_BOOL_CONVERSION = YES;
				CLANG_WARN_CONSTANT_CONVERSION = YES;
				CLANG_WARN_DIRECT_OBJC_ISA_USAGE = YES_ERROR;
				CLANG_WARN_EMPTY_BODY = YES;
				CLANG_WARN_ENUM_CONVERSION = YES;
				CLANG_WARN_INT_CONVERSION = YES;
				CLANG_WARN_OBJC_ROOT_CLASS = YES_ERROR;
				CLANG_WARN__DUPLICATE_METHOD_MATCH = YES;
				"CODE_SIGN_IDENTITY[sdk=iphoneos*]" = "iPhone Developer";
				COPY_PHASE_STRIP = NO;
				GCC_C_LANGUAGE_STANDARD = gnu99;
				GCC_DYNAMIC_NO_PIC = NO;
				GCC_OPTIMIZATION_LEVEL = 0;
				GCC_PREPROCESSOR_DEFINITIONS = (
					"DEBUG=1",
					"$(inherited)",
				);
				GCC_SYMBOLS_PRIVATE_EXTERN = NO;
				GCC_WARN_64_TO_32_BIT_CONVERSION = YES;
				GCC_WARN_ABOUT_RETURN_TYPE = YES_ERROR;
				GCC_WARN_UNDECLARED_SELECTOR = YES;
				GCC_WARN_UNINITIALIZED_AUTOS = YES_AGGRESSIVE;
				GCC_WARN_UNUSED_FUNCTION = YES;
				GCC_WARN_UNUSED_VARIABLE = YES;
				IPHONEOS_DEPLOYMENT_TARGET = 7.1;
				ONLY_ACTIVE_ARCH = YES;
				SDKROOT = iphoneos;
			};
			name = Debug;
		};
		4130498A19CA0E5F00394562 /* Release */ = {
			isa = XCBuildConfiguration;
			buildSettings = {
				ALWAYS_SEARCH_USER_PATHS = NO;
				CLANG_CXX_LANGUAGE_STANDARD = "gnu++0x";
				CLANG_CXX_LIBRARY = "libc++";
				CLANG_ENABLE_MODULES = YES;
				CLANG_ENABLE_OBJC_ARC = YES;
				CLANG_WARN_BOOL_CONVERSION = YES;
				CLANG_WARN_CONSTANT_CONVERSION = YES;
				CLANG_WARN_DIRECT_OBJC_ISA_USAGE = YES_ERROR;
				CLANG_WARN_EMPTY_BODY = YES;
				CLANG_WARN_ENUM_CONVERSION = YES;
				CLANG_WARN_INT_CONVERSION = YES;
				CLANG_WARN_OBJC_ROOT_CLASS = YES_ERROR;
				CLANG_WARN__DUPLICATE_METHOD_MATCH = YES;
				"CODE_SIGN_IDENTITY[sdk=iphoneos*]" = "iPhone Developer";
				COPY_PHASE_STRIP = YES;
				ENABLE_NS_ASSERTIONS = NO;
				GCC_C_LANGUAGE_STANDARD = gnu99;
				GCC_WARN_64_TO_32_BIT_CONVERSION = YES;
				GCC_WARN_ABOUT_RETURN_TYPE = YES_ERROR;
				GCC_WARN_UNDECLARED_SELECTOR = YES;
				GCC_WARN_UNINITIALIZED_AUTOS = YES_AGGRESSIVE;
				GCC_WARN_UNUSED_FUNCTION = YES;
				GCC_WARN_UNUSED_VARIABLE = YES;
				IPHONEOS_DEPLOYMENT_TARGET = 7.1;
				SDKROOT = iphoneos;
				VALIDATE_PRODUCT = YES;
			};
			name = Release;
		};
		4130498C19CA0E5F00394562 /* Debug */ = {
			isa = XCBuildConfiguration;
			buildSettings = {
				ASSETCATALOG_COMPILER_APPICON_NAME = AppIcon;
				ASSETCATALOG_COMPILER_LAUNCHIMAGE_NAME = LaunchImage;
				GCC_PRECOMPILE_PREFIX_HEADER = YES;
				GCC_PREFIX_HEADER = "Git Test/Git Test-Prefix.pch";
				INFOPLIST_FILE = "Git Test/Git Test-Info.plist";
				PRODUCT_NAME = "$(TARGET_NAME)";
				WRAPPER_EXTENSION = app;
			};
			name = Debug;
		};
		4130498D19CA0E5F00394562 /* Release */ = {
			isa = XCBuildConfiguration;
			buildSettings = {
				ASSETCATALOG_COMPILER_APPICON_NAME = AppIcon;
				ASSETCATALOG_COMPILER_LAUNCHIMAGE_NAME = LaunchImage;
				GCC_PRECOMPILE_PREFIX_HEADER = YES;
				GCC_PREFIX_HEADER = "Git Test/Git Test-Prefix.pch";
				INFOPLIST_FILE = "Git Test/Git Test-Info.plist";
				PRODUCT_NAME = "$(TARGET_NAME)";
				WRAPPER_EXTENSION = app;
			};
			name = Release;
		};
		4130498F19CA0E5F00394562 /* Debug */ = {
			isa = XCBuildConfiguration;
			buildSettings = {
				BUNDLE_LOADER = "$(BUILT_PRODUCTS_DIR)/Git Test.app/Git Test";
				FRAMEWORK_SEARCH_PATHS = (
					"$(SDKROOT)/Developer/Library/Frameworks",
					"$(inherited)",
					"$(DEVELOPER_FRAMEWORKS_DIR)",
				);
				GCC_PRECOMPILE_PREFIX_HEADER = YES;
				GCC_PREFIX_HEADER = "Git Test/Git Test-Prefix.pch";
				GCC_PREPROCESSOR_DEFINITIONS = (
					"DEBUG=1",
					"$(inherited)",
				);
				INFOPLIST_FILE = "Git TestTests/Git TestTests-Info.plist";
				PRODUCT_NAME = "$(TARGET_NAME)";
				TEST_HOST = "$(BUNDLE_LOADER)";
				WRAPPER_EXTENSION = xctest;
			};
			name = Debug;
		};
		4130499019CA0E5F00394562 /* Release */ = {
			isa = XCBuildConfiguration;
			buildSettings = {
				BUNDLE_LOADER = "$(BUILT_PRODUCTS_DIR)/Git Test.app/Git Test";
				FRAMEWORK_SEARCH_PATHS = (
					"$(SDKROOT)/Developer/Library/Frameworks",
					"$(inherited)",
					"$(DEVELOPER_FRAMEWORKS_DIR)",
				);
				GCC_PRECOMPILE_PREFIX_HEADER = YES;
				GCC_PREFIX_HEADER = "Git Test/Git Test-Prefix.pch";
				INFOPLIST_FILE = "Git TestTests/Git TestTests-Info.plist";
				PRODUCT_NAME = "$(TARGET_NAME)";
				TEST_HOST = "$(BUNDLE_LOADER)";
				WRAPPER_EXTENSION = xctest;
			};
			name = Release;
		};
/* End XCBuildConfiguration section */

/* Begin XCConfigurationList section */
		4130495419CA0E5F00394562 /* Build configuration list for PBXProject "Git Test" */ = {
			isa = XCConfigurationList;
			buildConfigurations = (
				4130498919CA0E5F00394562 /* Debug */,
				4130498A19CA0E5F00394562 /* Release */,
			);
			defaultConfigurationIsVisible = 0;
			defaultConfigurationName = Release;
		};
		4130498B19CA0E5F00394562 /* Build configuration list for PBXNativeTarget "Git Test" */ = {
			isa = XCConfigurationList;
			buildConfigurations = (
				4130498C19CA0E5F00394562 /* Debug */,
				4130498D19CA0E5F00394562 /* Release */,
			);
			defaultConfigurationIsVisible = 0;
		};
		4130498E19CA0E5F00394562 /* Build configuration list for PBXNativeTarget "Git TestTests" */ = {
			isa = XCConfigurationList;
			buildConfigurations = (
				4130498F19CA0E5F00394562 /* Debug */,
				4130499019CA0E5F00394562 /* Release */,
			);
			defaultConfigurationIsVisible = 0;
		};
/* End XCConfigurationList section */
	};
	rootObject = 4130495119CA0E5F00394562 /* Project object */;
}
